
Microsoft Visual Studio Solution File, Format Version 12.00
# Visual Studio 15
VisualStudioVersion = 15.0.27130.2027
MinimumVisualStudioVersion = 10.0.40219.1
Project("{9A19103F-16F7-4668-BE54-9A1E7A4F7556}") = "ImpruvIT.DataValidation", "src\Core\ImpruvIT.DataValidation.csproj", "{E0F159D6-BD97-458B-8DEA-815FBFDAA407}"
EndProject
Project("{9A19103F-16F7-4668-BE54-9A1E7A4F7556}") = "ImpruvIT.DataValidation.UnitTests", "tests\Core\ImpruvIT.DataValidation.UnitTests.csproj", "{B20B55A8-C0E3-48EF-AEB3-E61A0A27E14A}"
EndProject
Project("{9A19103F-16F7-4668-BE54-9A1E7A4F7556}") = "ImpruvIT.DataValidation.XUnit2", "src\XUnit2\ImpruvIT.DataValidation.XUnit2.csproj", "{9486547B-E98E-4C4E-A8C4-B431CA389896}"
EndProject
Project("{2150E333-8FDC-42A3-9474-1A3956D46DE8}") = "xUnit2", "xUnit2", "{F7BFBF09-32D8-46A0-B3A2-41EE6E30876D}"
EndProject
Project("{9A19103F-16F7-4668-BE54-9A1E7A4F7556}") = "ImpruvIT.DataValidation.XUnit2.UnitTests", "tests\XUnit2\ImpruvIT.DataValidation.XUnit2.UnitTests.csproj", "{B088DFE5-B2EC-47EA-BA5C-8B9ACF6907F3}"
EndProject
Project("{2150E333-8FDC-42A3-9474-1A3956D46DE8}") = "MSTest", "MSTest", "{BF6CD16D-5DEA-48B7-9456-E89D7D643D6F}"
EndProject
Project("{FAE04EC0-301F-11D3-BF4B-00C04F79EFBC}") = "ImpruvIT.DataValidation.MSTest", "src\MSTest\ImpruvIT.DataValidation.MSTest.csproj", "{5F8FAF60-667A-49F7-8112-A9A4FDFA0DBE}"
EndProject
Project("{FAE04EC0-301F-11D3-BF4B-00C04F79EFBC}") = "ImpruvIT.DataValidation.MSTest.UnitTests", "tests\MSTest\ImpruvIT.DataValidation.MSTest.UnitTests.csproj", "{35C003BD-12FE-488F-9155-CB45166E61F6}"
EndProject
Global
	GlobalSection(SolutionConfigurationPlatforms) = preSolution
		Debug|Any CPU = Debug|Any CPU
		Release|Any CPU = Release|Any CPU
	EndGlobalSection
	GlobalSection(ProjectConfigurationPlatforms) = postSolution
		{E0F159D6-BD97-458B-8DEA-815FBFDAA407}.Debug|Any CPU.ActiveCfg = Debug|Any CPU
		{E0F159D6-BD97-458B-8DEA-815FBFDAA407}.Debug|Any CPU.Build.0 = Debug|Any CPU
		{E0F159D6-BD97-458B-8DEA-815FBFDAA407}.Release|Any CPU.ActiveCfg = Release|Any CPU
		{E0F159D6-BD97-458B-8DEA-815FBFDAA407}.Release|Any CPU.Build.0 = Release|Any CPU
		{B20B55A8-C0E3-48EF-AEB3-E61A0A27E14A}.Debug|Any CPU.ActiveCfg = Debug|Any CPU
		{B20B55A8-C0E3-48EF-AEB3-E61A0A27E14A}.Debug|Any CPU.Build.0 = Debug|Any CPU
		{B20B55A8-C0E3-48EF-AEB3-E61A0A27E14A}.Release|Any CPU.ActiveCfg = Release|Any CPU
		{B20B55A8-C0E3-48EF-AEB3-E61A0A27E14A}.Release|Any CPU.Build.0 = Release|Any CPU
		{9486547B-E98E-4C4E-A8C4-B431CA389896}.Debug|Any CPU.ActiveCfg = Debug|Any CPU
		{9486547B-E98E-4C4E-A8C4-B431CA389896}.Debug|Any CPU.Build.0 = Debug|Any CPU
		{9486547B-E98E-4C4E-A8C4-B431CA389896}.Release|Any CPU.ActiveCfg = Release|Any CPU
		{9486547B-E98E-4C4E-A8C4-B431CA389896}.Release|Any CPU.Build.0 = Release|Any CPU
		{B088DFE5-B2EC-47EA-BA5C-8B9ACF6907F3}.Debug|Any CPU.ActiveCfg = Debug|Any CPU
		{B088DFE5-B2EC-47EA-BA5C-8B9ACF6907F3}.Debug|Any CPU.Build.0 = Debug|Any CPU
		{B088DFE5-B2EC-47EA-BA5C-8B9ACF6907F3}.Release|Any CPU.ActiveCfg = Release|Any CPU
		{B088DFE5-B2EC-47EA-BA5C-8B9ACF6907F3}.Release|Any CPU.Build.0 = Release|Any CPU
		{5F8FAF60-667A-49F7-8112-A9A4FDFA0DBE}.Debug|Any CPU.ActiveCfg = Debug|Any CPU
		{5F8FAF60-667A-49F7-8112-A9A4FDFA0DBE}.Debug|Any CPU.Build.0 = Debug|Any CPU
		{5F8FAF60-667A-49F7-8112-A9A4FDFA0DBE}.Release|Any CPU.ActiveCfg = Release|Any CPU
		{5F8FAF60-667A-49F7-8112-A9A4FDFA0DBE}.Release|Any CPU.Build.0 = Release|Any CPU
		{35C003BD-12FE-488F-9155-CB45166E61F6}.Debug|Any CPU.ActiveCfg = Debug|Any CPU
		{35C003BD-12FE-488F-9155-CB45166E61F6}.Debug|Any CPU.Build.0 = Debug|Any CPU
		{35C003BD-12FE-488F-9155-CB45166E61F6}.Release|Any CPU.ActiveCfg = Release|Any CPU
		{35C003BD-12FE-488F-9155-CB45166E61F6}.Release|Any CPU.Build.0 = Release|Any CPU
	EndGlobalSection
	GlobalSection(SolutionProperties) = preSolution
		HideSolutionNode = FALSE
	EndGlobalSection
	GlobalSection(NestedProjects) = preSolution
		{9486547B-E98E-4C4E-A8C4-B431CA389896} = {F7BFBF09-32D8-46A0-B3A2-41EE6E30876D}
		{B088DFE5-B2EC-47EA-BA5C-8B9ACF6907F3} = {F7BFBF09-32D8-46A0-B3A2-41EE6E30876D}
		{5F8FAF60-667A-49F7-8112-A9A4FDFA0DBE} = {BF6CD16D-5DEA-48B7-9456-E89D7D643D6F}
		{35C003BD-12FE-488F-9155-CB45166E61F6} = {BF6CD16D-5DEA-48B7-9456-E89D7D643D6F}
	EndGlobalSection
	GlobalSection(ExtensibilityGlobals) = postSolution
		SolutionGuid = {1CE126AF-9871-423E-B000-6561DD3C2496}
	EndGlobalSection
EndGlobal
